
Microsoft Visual Studio Solution File, Format Version 12.00
# Visual Studio Version 16
VisualStudioVersion = 16.0.29001.49
MinimumVisualStudioVersion = 10.0.40219.1
Project("{FAE04EC0-301F-11D3-BF4B-00C04F79EFBC}") = "ProfileApp", "ProfileApp.csproj", "{B80D4DFE-D113-43C4-8445-63BD567677B1}"
EndProject
Project("{FAE04EC0-301F-11D3-BF4B-00C04F79EFBC}") = "ProfileApplication", "..\ProfileApplication\ProfileApplication.csproj", "{020BCEC7-7C33-4953-B957-343144554B30}"
EndProject
Global
	GlobalSection(SolutionConfigurationPlatforms) = preSolution
		Debug|Any CPU = Debug|Any CPU
		Release|Any CPU = Release|Any CPU
	EndGlobalSection
	GlobalSection(ProjectConfigurationPlatforms) = postSolution
		{B80D4DFE-D113-43C4-8445-63BD567677B1}.Debug|Any CPU.ActiveCfg = Debug|Any CPU
		{B80D4DFE-D113-43C4-8445-63BD567677B1}.Debug|Any CPU.Build.0 = Debug|Any CPU
		{B80D4DFE-D113-43C4-8445-63BD567677B1}.Release|Any CPU.ActiveCfg = Release|Any CPU
		{B80D4DFE-D113-43C4-8445-63BD567677B1}.Release|Any CPU.Build.0 = Release|Any CPU
		{020BCEC7-7C33-4953-B957-343144554B30}.Debug|Any CPU.ActiveCfg = Debug|Any CPU
		{020BCEC7-7C33-4953-B957-343144554B30}.Debug|Any CPU.Build.0 = Debug|Any CPU
		{020BCEC7-7C33-4953-B957-343144554B30}.Release|Any CPU.ActiveCfg = Release|Any CPU
		{020BCEC7-7C33-4953-B957-343144554B30}.Release|Any CPU.Build.0 = Release|Any CPU
	EndGlobalSection
	GlobalSection(SolutionProperties) = preSolution
		HideSolutionNode = FALSE
	EndGlobalSection
	GlobalSection(ExtensibilityGlobals) = postSolution
		SolutionGuid = {BDA217DC-FB8E-401D-9044-CCFC66006C5D}
	EndGlobalSection
EndGlobal
